
Microsoft Visual Studio Solution File, Format Version 12.00
# Visual Studio Version 17
VisualStudioVersion = 17.2.32516.85
MinimumVisualStudioVersion = 10.0.40219.1
Project("{FAE04EC0-301F-11D3-BF4B-00C04F79EFBC}") = "Formation.Infrastructure", "src\Formation.Infrastructure\Formation.Infrastructure.csproj", "{C962DBB8-A637-4C47-AD3F-A0F1951A7F27}"
EndProject
Project("{9A19103F-16F7-4668-BE54-9A1E7A4F7556}") = "Formation.API", "src\Formation.API\Formation.API.csproj", "{DF5C797D-4415-4082-88E7-817C18ED647D}"
EndProject
Project("{9A19103F-16F7-4668-BE54-9A1E7A4F7556}") = "Formation.Application", "src\Formation.Application\Formation.Application.csproj", "{27AA5DBA-EC73-48D6-83DC-4FE404870383}"
EndProject
Project("{9A19103F-16F7-4668-BE54-9A1E7A4F7556}") = "Formation.Domain", "src\Formation.Domain\Formation.Domain.csproj", "{81117FB9-EC47-4339-8652-F5306D6CA1D2}"
EndProject
Project("{2150E333-8FDC-42A3-9474-1A3956D46DE8}") = "tests", "tests", "{7BD2C7BC-3089-41AB-8C86-FE5B047DECB2}"
EndProject
Global
	GlobalSection(SolutionConfigurationPlatforms) = preSolution
		Debug|Any CPU = Debug|Any CPU
		Release|Any CPU = Release|Any CPU
	EndGlobalSection
	GlobalSection(ProjectConfigurationPlatforms) = postSolution
		{C962DBB8-A637-4C47-AD3F-A0F1951A7F27}.Debug|Any CPU.ActiveCfg = Debug|Any CPU
		{C962DBB8-A637-4C47-AD3F-A0F1951A7F27}.Debug|Any CPU.Build.0 = Debug|Any CPU
		{C962DBB8-A637-4C47-AD3F-A0F1951A7F27}.Release|Any CPU.ActiveCfg = Release|Any CPU
		{C962DBB8-A637-4C47-AD3F-A0F1951A7F27}.Release|Any CPU.Build.0 = Release|Any CPU
		{DF5C797D-4415-4082-88E7-817C18ED647D}.Debug|Any CPU.ActiveCfg = Debug|Any CPU
		{DF5C797D-4415-4082-88E7-817C18ED647D}.Debug|Any CPU.Build.0 = Debug|Any CPU
		{DF5C797D-4415-4082-88E7-817C18ED647D}.Release|Any CPU.ActiveCfg = Release|Any CPU
		{DF5C797D-4415-4082-88E7-817C18ED647D}.Release|Any CPU.Build.0 = Release|Any CPU
		{27AA5DBA-EC73-48D6-83DC-4FE404870383}.Debug|Any CPU.ActiveCfg = Debug|Any CPU
		{27AA5DBA-EC73-48D6-83DC-4FE404870383}.Debug|Any CPU.Build.0 = Debug|Any CPU
		{27AA5DBA-EC73-48D6-83DC-4FE404870383}.Release|Any CPU.ActiveCfg = Release|Any CPU
		{27AA5DBA-EC73-48D6-83DC-4FE404870383}.Release|Any CPU.Build.0 = Release|Any CPU
		{81117FB9-EC47-4339-8652-F5306D6CA1D2}.Debug|Any CPU.ActiveCfg = Debug|Any CPU
		{81117FB9-EC47-4339-8652-F5306D6CA1D2}.Debug|Any CPU.Build.0 = Debug|Any CPU
		{81117FB9-EC47-4339-8652-F5306D6CA1D2}.Release|Any CPU.ActiveCfg = Release|Any CPU
		{81117FB9-EC47-4339-8652-F5306D6CA1D2}.Release|Any CPU.Build.0 = Release|Any CPU
	EndGlobalSection
	GlobalSection(SolutionProperties) = preSolution
		HideSolutionNode = FALSE
	EndGlobalSection
	GlobalSection(ExtensibilityGlobals) = postSolution
		SolutionGuid = {C4EC8E58-4515-4B14-9685-87F93D207442}
	EndGlobalSection
EndGlobal
